// !$*UTF8*$!
{
	archiveVersion = 1;
	classes = {
	};
	objectVersion = 56;
	objects = {

/* Begin PBXBuildFile section */
		A68D74792B240A0D0037D345 /* Karla-Bold.ttf in Resources */ = {isa = PBXBuildFile; fileRef = A68D74782B240A0D0037D345 /* Karla-Bold.ttf */; };
		A68D747B2B2414430037D345 /* UserProfile.swift in Sources */ = {isa = PBXBuildFile; fileRef = A68D747A2B2414430037D345 /* UserProfile.swift */; };
		A692852E2B24E6440055CFE4 /* Models.swift in Sources */ = {isa = PBXBuildFile; fileRef = A692852D2B24E6440055CFE4 /* Models.swift */; };
		A692853B2B2501650055CFE4 /* Persistance.swift in Sources */ = {isa = PBXBuildFile; fileRef = A692853A2B2501650055CFE4 /* Persistance.swift */; };
		A692853E2B251B510055CFE4 /* Little Lemon App.xcdatamodeld in Sources */ = {isa = PBXBuildFile; fileRef = A692853C2B251B510055CFE4 /* Little Lemon App.xcdatamodeld */; };
		A69285622B2542050055CFE4 /* FetchedObjects.swift in Sources */ = {isa = PBXBuildFile; fileRef = A69285612B2542050055CFE4 /* FetchedObjects.swift */; };
		A6AD5C222B23B9B900998D6C /* Onboarding.swift in Sources */ = {isa = PBXBuildFile; fileRef = A6AD5C212B23B9B900998D6C /* Onboarding.swift */; };
		A6AD5C242B23C22100998D6C /* Colors.swift in Sources */ = {isa = PBXBuildFile; fileRef = A6AD5C232B23C22100998D6C /* Colors.swift */; };
		A6AD5C272B23C7D200998D6C /* Karla-Medium.ttf in Resources */ = {isa = PBXBuildFile; fileRef = A6AD5C262B23C7D200998D6C /* Karla-Medium.ttf */; };
		A6AD5C482B23CFE900998D6C /* Home.swift in Sources */ = {isa = PBXBuildFile; fileRef = A6AD5C472B23CFE900998D6C /* Home.swift */; };
		A6AD5C4A2B23D03200998D6C /* Menu.swift in Sources */ = {isa = PBXBuildFile; fileRef = A6AD5C492B23D03200998D6C /* Menu.swift */; };
		A6AD5C4D2B23D0E400998D6C /* MarkaziText-Medium.ttf in Resources */ = {isa = PBXBuildFile; fileRef = A6AD5C4B2B23D0E300998D6C /* MarkaziText-Medium.ttf */; };
		A6AD5C4E2B23D0E400998D6C /* MarkaziText-Regular.ttf in Resources */ = {isa = PBXBuildFile; fileRef = A6AD5C4C2B23D0E400998D6C /* MarkaziText-Regular.ttf */; };
		A6B83E582B2386AB00187E3E /* Little_Lemon_AppApp.swift in Sources */ = {isa = PBXBuildFile; fileRef = A6B83E572B2386AB00187E3E /* Little_Lemon_AppApp.swift */; };
		A6B83E5C2B2386AD00187E3E /* Assets.xcassets in Resources */ = {isa = PBXBuildFile; fileRef = A6B83E5B2B2386AD00187E3E /* Assets.xcassets */; };
		A6B83E5F2B2386AD00187E3E /* Preview Assets.xcassets in Resources */ = {isa = PBXBuildFile; fileRef = A6B83E5E2B2386AD00187E3E /* Preview Assets.xcassets */; };
/* End PBXBuildFile section */

/* Begin PBXFileReference section */
		A68D74782B240A0D0037D345 /* Karla-Bold.ttf */ = {isa = PBXFileReference; lastKnownFileType = file; path = "Karla-Bold.ttf"; sourceTree = "<group>"; };
		A68D747A2B2414430037D345 /* UserProfile.swift */ = {isa = PBXFileReference; lastKnownFileType = sourcecode.swift; path = UserProfile.swift; sourceTree = "<group>"; };
		A692852D2B24E6440055CFE4 /* Models.swift */ = {isa = PBXFileReference; lastKnownFileType = sourcecode.swift; path = Models.swift; sourceTree = "<group>"; };
		A692853A2B2501650055CFE4 /* Persistance.swift */ = {isa = PBXFileReference; lastKnownFileType = sourcecode.swift; path = Persistance.swift; sourceTree = "<group>"; };
		A692853D2B251B510055CFE4 /* Little Lemon App.xcdatamodel */ = {isa = PBXFileReference; lastKnownFileType = wrapper.xcdatamodel; path = "Little Lemon App.xcdatamodel"; sourceTree = "<group>"; };
		A69285612B2542050055CFE4 /* FetchedObjects.swift */ = {isa = PBXFileReference; fileEncoding = 4; lastKnownFileType = sourcecode.swift; path = FetchedObjects.swift; sourceTree = "<group>"; };
		A6AD5C212B23B9B900998D6C /* Onboarding.swift */ = {isa = PBXFileReference; lastKnownFileType = sourcecode.swift; path = Onboarding.swift; sourceTree = "<group>"; };
		A6AD5C232B23C22100998D6C /* Colors.swift */ = {isa = PBXFileReference; lastKnownFileType = sourcecode.swift; path = Colors.swift; sourceTree = "<group>"; };
		A6AD5C262B23C7D200998D6C /* Karla-Medium.ttf */ = {isa = PBXFileReference; lastKnownFileType = file; path = "Karla-Medium.ttf"; sourceTree = "<group>"; };
		A6AD5C462B23CB0D00998D6C /* Little-Lemon-App-Info.plist */ = {isa = PBXFileReference; lastKnownFileType = text.plist; path = "Little-Lemon-App-Info.plist"; sourceTree = SOURCE_ROOT; };
		A6AD5C472B23CFE900998D6C /* Home.swift */ = {isa = PBXFileReference; lastKnownFileType = sourcecode.swift; path = Home.swift; sourceTree = "<group>"; };
		A6AD5C492B23D03200998D6C /* Menu.swift */ = {isa = PBXFileReference; lastKnownFileType = sourcecode.swift; path = Menu.swift; sourceTree = "<group>"; };
		A6AD5C4B2B23D0E300998D6C /* MarkaziText-Medium.ttf */ = {isa = PBXFileReference; lastKnownFileType = file; path = "MarkaziText-Medium.ttf"; sourceTree = "<group>"; };
		A6AD5C4C2B23D0E400998D6C /* MarkaziText-Regular.ttf */ = {isa = PBXFileReference; lastKnownFileType = file; path = "MarkaziText-Regular.ttf"; sourceTree = "<group>"; };
		A6B83E542B2386AB00187E3E /* Little Lemon App.app */ = {isa = PBXFileReference; explicitFileType = wrapper.application; includeInIndex = 0; path = "Little Lemon App.app"; sourceTree = BUILT_PRODUCTS_DIR; };
		A6B83E572B2386AB00187E3E /* Little_Lemon_AppApp.swift */ = {isa = PBXFileReference; lastKnownFileType = sourcecode.swift; path = Little_Lemon_AppApp.swift; sourceTree = "<group>"; };
		A6B83E5B2B2386AD00187E3E /* Assets.xcassets */ = {isa = PBXFileReference; lastKnownFileType = folder.assetcatalog; path = Assets.xcassets; sourceTree = "<group>"; };
		A6B83E5E2B2386AD00187E3E /* Preview Assets.xcassets */ = {isa = PBXFileReference; lastKnownFileType = folder.assetcatalog; path = "Preview Assets.xcassets"; sourceTree = "<group>"; };
/* End PBXFileReference section */

/* Begin PBXFrameworksBuildPhase section */
		A6B83E512B2386AB00187E3E /* Frameworks */ = {
			isa = PBXFrameworksBuildPhase;
			buildActionMask = 2147483647;
			files = (
			);
			runOnlyForDeploymentPostprocessing = 0;
		};
/* End PBXFrameworksBuildPhase section */

/* Begin PBXGroup section */
		A6AD5C252B23C76400998D6C /* Fonts */ = {
			isa = PBXGroup;
			children = (
				A68D74782B240A0D0037D345 /* Karla-Bold.ttf */,
				A6AD5C4B2B23D0E300998D6C /* MarkaziText-Medium.ttf */,
				A6AD5C4C2B23D0E400998D6C /* MarkaziText-Regular.ttf */,
				A6AD5C262B23C7D200998D6C /* Karla-Medium.ttf */,
			);
			path = Fonts;
			sourceTree = "<group>";
		};
		A6B83E4B2B2386AB00187E3E = {
			isa = PBXGroup;
			children = (
				A6B83E562B2386AB00187E3E /* Little Lemon App */,
				A6B83E552B2386AB00187E3E /* Products */,
			);
			sourceTree = "<group>";
		};
		A6B83E552B2386AB00187E3E /* Products */ = {
			isa = PBXGroup;
			children = (
				A6B83E542B2386AB00187E3E /* Little Lemon App.app */,
			);
			name = Products;
			sourceTree = "<group>";
		};
		A6B83E562B2386AB00187E3E /* Little Lemon App */ = {
			isa = PBXGroup;
			children = (
				A6AD5C462B23CB0D00998D6C /* Little-Lemon-App-Info.plist */,
				A6AD5C252B23C76400998D6C /* Fonts */,
				A6AD5C232B23C22100998D6C /* Colors.swift */,
				A6B83E572B2386AB00187E3E /* Little_Lemon_AppApp.swift */,
				A6AD5C212B23B9B900998D6C /* Onboarding.swift */,
				A6AD5C472B23CFE900998D6C /* Home.swift */,
				A6AD5C492B23D03200998D6C /* Menu.swift */,
				A692853A2B2501650055CFE4 /* Persistance.swift */,
				A69285612B2542050055CFE4 /* FetchedObjects.swift */,
				A68D747A2B2414430037D345 /* UserProfile.swift */,
				A692852D2B24E6440055CFE4 /* Models.swift */,
				A6B83E5B2B2386AD00187E3E /* Assets.xcassets */,
				A692853C2B251B510055CFE4 /* Little Lemon App.xcdatamodeld */,
				A6B83E5D2B2386AD00187E3E /* Preview Content */,
			);
			path = "Little Lemon App";
			sourceTree = "<group>";
		};
		A6B83E5D2B2386AD00187E3E /* Preview Content */ = {
			isa = PBXGroup;
			children = (
				A6B83E5E2B2386AD00187E3E /* Preview Assets.xcassets */,
			);
			path = "Preview Content";
			sourceTree = "<group>";
		};
/* End PBXGroup section */

/* Begin PBXNativeTarget section */
		A6B83E532B2386AB00187E3E /* Little Lemon App */ = {
			isa = PBXNativeTarget;
			buildConfigurationList = A6B83E622B2386AD00187E3E /* Build configuration list for PBXNativeTarget "Little Lemon App" */;
			buildPhases = (
				A6B83E502B2386AB00187E3E /* Sources */,
				A6B83E512B2386AB00187E3E /* Frameworks */,
				A6B83E522B2386AB00187E3E /* Resources */,
			);
			buildRules = (
			);
			dependencies = (
			);
			name = "Little Lemon App";
			productName = "Little Lemon App";
			productReference = A6B83E542B2386AB00187E3E /* Little Lemon App.app */;
			productType = "com.apple.product-type.application";
		};
/* End PBXNativeTarget section */

/* Begin PBXProject section */
		A6B83E4C2B2386AB00187E3E /* Project object */ = {
			isa = PBXProject;
			attributes = {
				BuildIndependentTargetsInParallel = 1;
				LastSwiftUpdateCheck = 1500;
				LastUpgradeCheck = 1500;
				TargetAttributes = {
					A6B83E532B2386AB00187E3E = {
						CreatedOnToolsVersion = 15.0.1;
					};
				};
			};
			buildConfigurationList = A6B83E4F2B2386AB00187E3E /* Build configuration list for PBXProject "Little Lemon App" */;
			compatibilityVersion = "Xcode 14.0";
			developmentRegion = en;
			hasScannedForEncodings = 0;
			knownRegions = (
				en,
				Base,
			);
			mainGroup = A6B83E4B2B2386AB00187E3E;
			productRefGroup = A6B83E552B2386AB00187E3E /* Products */;
			projectDirPath = "";
			projectRoot = "";
			targets = (
				A6B83E532B2386AB00187E3E /* Little Lemon App */,
			);
		};
/* End PBXProject section */

/* Begin PBXResourcesBuildPhase section */
		A6B83E522B2386AB00187E3E /* Resources */ = {
			isa = PBXResourcesBuildPhase;
			buildActionMask = 2147483647;
			files = (
				A6AD5C4E2B23D0E400998D6C /* MarkaziText-Regular.ttf in Resources */,
				A6AD5C4D2B23D0E400998D6C /* MarkaziText-Medium.ttf in Resources */,
				A6B83E5F2B2386AD00187E3E /* Preview Assets.xcassets in Resources */,
				A68D74792B240A0D0037D345 /* Karla-Bold.ttf in Resources */,
				A6AD5C272B23C7D200998D6C /* Karla-Medium.ttf in Resources */,
				A6B83E5C2B2386AD00187E3E /* Assets.xcassets in Resources */,
			);
			runOnlyForDeploymentPostprocessing = 0;
		};
/* End PBXResourcesBuildPhase section */

/* Begin PBXSourcesBuildPhase section */
		A6B83E502B2386AB00187E3E /* Sources */ = {
			isa = PBXSourcesBuildPhase;
			buildActionMask = 2147483647;
			files = (
				A6AD5C222B23B9B900998D6C /* Onboarding.swift in Sources */,
				A6AD5C242B23C22100998D6C /* Colors.swift in Sources */,
				A68D747B2B2414430037D345 /* UserProfile.swift in Sources */,
				A692853E2B251B510055CFE4 /* Little Lemon App.xcdatamodeld in Sources */,
				A692853B2B2501650055CFE4 /* Persistance.swift in Sources */,
				A6AD5C482B23CFE900998D6C /* Home.swift in Sources */,
				A692852E2B24E6440055CFE4 /* Models.swift in Sources */,
				A6B83E582B2386AB00187E3E /* Little_Lemon_AppApp.swift in Sources */,
				A69285622B2542050055CFE4 /* FetchedObjects.swift in Sources */,
				A6AD5C4A2B23D03200998D6C /* Menu.swift in Sources */,
			);
			runOnlyForDeploymentPostprocessing = 0;
		};
/* End PBXSourcesBuildPhase section */

/* Begin XCBuildConfiguration section */
		A6B83E602B2386AD00187E3E /* Debug */ = {
			isa = XCBuildConfiguration;
			buildSettings = {
				ALWAYS_SEARCH_USER_PATHS = NO;
				ASSETCATALOG_COMPILER_GENERATE_SWIFT_ASSET_SYMBOL_EXTENSIONS = YES;
				CLANG_ANALYZER_NONNULL = YES;
				CLANG_ANALYZER_NUMBER_OBJECT_CONVERSION = YES_AGGRESSIVE;
				CLANG_CXX_LANGUAGE_STANDARD = "gnu++20";
				CLANG_ENABLE_MODULES = YES;
				CLANG_ENABLE_OBJC_ARC = YES;
				CLANG_ENABLE_OBJC_WEAK = YES;
				CLANG_WARN_BLOCK_CAPTURE_AUTORELEASING = YES;
				CLANG_WARN_BOOL_CONVERSION = YES;
				CLANG_WARN_COMMA = YES;
				CLANG_WARN_CONSTANT_CONVERSION = YES;
				CLANG_WARN_DEPRECATED_OBJC_IMPLEMENTATIONS = YES;
				CLANG_WARN_DIRECT_OBJC_ISA_USAGE = YES_ERROR;
				CLANG_WARN_DOCUMENTATION_COMMENTS = YES;
				CLANG_WARN_EMPTY_BODY = YES;
				CLANG_WARN_ENUM_CONVERSION = YES;
				CLANG_WARN_INFINITE_RECURSION = YES;
				CLANG_WARN_INT_CONVERSION = YES;
				CLANG_WARN_NON_LITERAL_NULL_CONVERSION = YES;
				CLANG_WARN_OBJC_IMPLICIT_RETAIN_SELF = YES;
				CLANG_WARN_OBJC_LITERAL_CONVERSION = YES;
				CLANG_WARN_OBJC_ROOT_CLASS = YES_ERROR;
				CLANG_WARN_QUOTED_INCLUDE_IN_FRAMEWORK_HEADER = YES;
				CLANG_WARN_RANGE_LOOP_ANALYSIS = YES;
				CLANG_WARN_STRICT_PROTOTYPES = YES;
				CLANG_WARN_SUSPICIOUS_MOVE = YES;
				CLANG_WARN_UNGUARDED_AVAILABILITY = YES_AGGRESSIVE;
				CLANG_WARN_UNREACHABLE_CODE = YES;
				CLANG_WARN__DUPLICATE_METHOD_MATCH = YES;
				COPY_PHASE_STRIP = NO;
				DEBUG_INFORMATION_FORMAT = dwarf;
				ENABLE_STRICT_OBJC_MSGSEND = YES;
				ENABLE_TESTABILITY = YES;
				ENABLE_USER_SCRIPT_SANDBOXING = YES;
				GCC_C_LANGUAGE_STANDARD = gnu17;
				GCC_DYNAMIC_NO_PIC = NO;
				GCC_NO_COMMON_BLOCKS = YES;
				GCC_OPTIMIZATION_LEVEL = 0;
				GCC_PREPROCESSOR_DEFINITIONS = (
					"DEBUG=1",
					"$(inherited)",
				);
				GCC_WARN_64_TO_32_BIT_CONVERSION = YES;
				GCC_WARN_ABOUT_RETURN_TYPE = YES_ERROR;
				GCC_WARN_UNDECLARED_SELECTOR = YES;
				GCC_WARN_UNINITIALIZED_AUTOS = YES_AGGRESSIVE;
				GCC_WARN_UNUSED_FUNCTION = YES;
				GCC_WARN_UNUSED_VARIABLE = YES;
				IPHONEOS_DEPLOYMENT_TARGET = 17.0;
				LOCALIZATION_PREFERS_STRING_CATALOGS = YES;
				MTL_ENABLE_DEBUG_INFO = INCLUDE_SOURCE;
				MTL_FAST_MATH = YES;
				ONLY_ACTIVE_ARCH = YES;
				SDKROOT = iphoneos;
				SWIFT_ACTIVE_COMPILATION_CONDITIONS = "DEBUG $(inherited)";
				SWIFT_OPTIMIZATION_LEVEL = "-Onone";
			};
			name = Debug;
		};
		A6B83E612B2386AD00187E3E /* Release */ = {
			isa = XCBuildConfiguration;
			buildSettings = {
				ALWAYS_SEARCH_USER_PATHS = NO;
				ASSETCATALOG_COMPILER_GENERATE_SWIFT_ASSET_SYMBOL_EXTENSIONS = YES;
				CLANG_ANALYZER_NONNULL = YES;
				CLANG_ANALYZER_NUMBER_OBJECT_CONVERSION = YES_AGGRESSIVE;
				CLANG_CXX_LANGUAGE_STANDARD = "gnu++20";
				CLANG_ENABLE_MODULES = YES;
				CLANG_ENABLE_OBJC_ARC = YES;
				CLANG_ENABLE_OBJC_WEAK = YES;
				CLANG_WARN_BLOCK_CAPTURE_AUTORELEASING = YES;
				CLANG_WARN_BOOL_CONVERSION = YES;
				CLANG_WARN_COMMA = YES;
				CLANG_WARN_CONSTANT_CONVERSION = YES;
				CLANG_WARN_DEPRECATED_OBJC_IMPLEMENTATIONS = YES;
				CLANG_WARN_DIRECT_OBJC_ISA_USAGE = YES_ERROR;
				CLANG_WARN_DOCUMENTATION_COMMENTS = YES;
				CLANG_WARN_EMPTY_BODY = YES;
				CLANG_WARN_ENUM_CONVERSION = YES;
				CLANG_WARN_INFINITE_RECURSION = YES;
				CLANG_WARN_INT_CONVERSION = YES;
				CLANG_WARN_NON_LITERAL_NULL_CONVERSION = YES;
				CLANG_WARN_OBJC_IMPLICIT_RETAIN_SELF = YES;
				CLANG_WARN_OBJC_LITERAL_CONVERSION = YES;
				CLANG_WARN_OBJC_ROOT_CLASS = YES_ERROR;
				CLANG_WARN_QUOTED_INCLUDE_IN_FRAMEWORK_HEADER = YES;
				CLANG_WARN_RANGE_LOOP_ANALYSIS = YES;
				CLANG_WARN_STRICT_PROTOTYPES = YES;
				CLANG_WARN_SUSPICIOUS_MOVE = YES;
				CLANG_WARN_UNGUARDED_AVAILABILITY = YES_AGGRESSIVE;
				CLANG_WARN_UNREACHABLE_CODE = YES;
				CLANG_WARN__DUPLICATE_METHOD_MATCH = YES;
				COPY_PHASE_STRIP = NO;
				DEBUG_INFORMATION_FORMAT = "dwarf-with-dsym";
				ENABLE_NS_ASSERTIONS = NO;
				ENABLE_STRICT_OBJC_MSGSEND = YES;
				ENABLE_USER_SCRIPT_SANDBOXING = YES;
				GCC_C_LANGUAGE_STANDARD = gnu17;
				GCC_NO_COMMON_BLOCKS = YES;
				GCC_WARN_64_TO_32_BIT_CONVERSION = YES;
				GCC_WARN_ABOUT_RETURN_TYPE = YES_ERROR;
				GCC_WARN_UNDECLARED_SELECTOR = YES;
				GCC_WARN_UNINITIALIZED_AUTOS = YES_AGGRESSIVE;
				GCC_WARN_UNUSED_FUNCTION = YES;
				GCC_WARN_UNUSED_VARIABLE = YES;
				IPHONEOS_DEPLOYMENT_TARGET = 17.0;
				LOCALIZATION_PREFERS_STRING_CATALOGS = YES;
				MTL_ENABLE_DEBUG_INFO = NO;
				MTL_FAST_MATH = YES;
				SDKROOT = iphoneos;
				SWIFT_COMPILATION_MODE = wholemodule;
				VALIDATE_PRODUCT = YES;
			};
			name = Release;
		};
		A6B83E632B2386AD00187E3E /* Debug */ = {
			isa = XCBuildConfiguration;
			buildSettings = {
				ASSETCATALOG_COMPILER_APPICON_NAME = AppIcon;
				ASSETCATALOG_COMPILER_GLOBAL_ACCENT_COLOR_NAME = AccentColor;
				CODE_SIGN_STYLE = Automatic;
				CURRENT_PROJECT_VERSION = 1;
				DEVELOPMENT_ASSET_PATHS = "\"Little Lemon App/Preview Content\"";
				ENABLE_PREVIEWS = YES;
				GENERATE_INFOPLIST_FILE = YES;
				INFOPLIST_FILE = "Little-Lemon-App-Info.plist";
				INFOPLIST_KEY_UIApplicationSceneManifest_Generation = YES;
				INFOPLIST_KEY_UIApplicationSupportsIndirectInputEvents = YES;
				INFOPLIST_KEY_UILaunchScreen_Generation = YES;
				INFOPLIST_KEY_UISupportedInterfaceOrientations_iPad = "UIInterfaceOrientationPortrait UIInterfaceOrientationPortraitUpsideDown UIInterfaceOrientationLandscapeLeft UIInterfaceOrientationLandscapeRight";
				INFOPLIST_KEY_UISupportedInterfaceOrientations_iPhone = "UIInterfaceOrientationPortrait UIInterfaceOrientationLandscapeLeft UIInterfaceOrientationLandscapeRight";
				LD_RUNPATH_SEARCH_PATHS = (
					"$(inherited)",
					"@executable_path/Frameworks",
				);
				MARKETING_VERSION = 1.0;
				PRODUCT_BUNDLE_IDENTIFIER = "littlelemon.Little-Lemon-App";
				PRODUCT_NAME = "$(TARGET_NAME)";
				SWIFT_EMIT_LOC_STRINGS = YES;
				SWIFT_VERSION = 5.0;
				TARGETED_DEVICE_FAMILY = "1,2";
			};
			name = Debug;
		};
		A6B83E642B2386AD00187E3E /* Release */ = {
			isa = XCBuildConfiguration;
			buildSettings = {
				ASSETCATALOG_COMPILER_APPICON_NAME = AppIcon;
				ASSETCATALOG_COMPILER_GLOBAL_ACCENT_COLOR_NAME = AccentColor;
				CODE_SIGN_STYLE = Automatic;
				CURRENT_PROJECT_VERSION = 1;
				DEVELOPMENT_ASSET_PATHS = "\"Little Lemon App/Preview Content\"";
				ENABLE_PREVIEWS = YES;
				GENERATE_INFOPLIST_FILE = YES;
				INFOPLIST_FILE = "Little-Lemon-App-Info.plist";
				INFOPLIST_KEY_UIApplicationSceneManifest_Generation = YES;
				INFOPLIST_KEY_UIApplicationSupportsIndirectInputEvents = YES;
				INFOPLIST_KEY_UILaunchScreen_Generation = YES;
				INFOPLIST_KEY_UISupportedInterfaceOrientations_iPad = "UIInterfaceOrientationPortrait UIInterfaceOrientationPortraitUpsideDown UIInterfaceOrientationLandscapeLeft UIInterfaceOrientationLandscapeRight";
				INFOPLIST_KEY_UISupportedInterfaceOrientations_iPhone = "UIInterfaceOrientationPortrait UIInterfaceOrientationLandscapeLeft UIInterfaceOrientationLandscapeRight";
				LD_RUNPATH_SEARCH_PATHS = (
					"$(inherited)",
					"@executable_path/Frameworks",
				);
				MARKETING_VERSION = 1.0;
				PRODUCT_BUNDLE_IDENTIFIER = "littlelemon.Little-Lemon-App";
				PRODUCT_NAME = "$(TARGET_NAME)";
				SWIFT_EMIT_LOC_STRINGS = YES;
				SWIFT_VERSION = 5.0;
				TARGETED_DEVICE_FAMILY = "1,2";
			};
			name = Release;
		};
/* End XCBuildConfiguration section */

/* Begin XCConfigurationList section */
		A6B83E4F2B2386AB00187E3E /* Build configuration list for PBXProject "Little Lemon App" */ = {
			isa = XCConfigurationList;
			buildConfigurations = (
				A6B83E602B2386AD00187E3E /* Debug */,
				A6B83E612B2386AD00187E3E /* Release */,
			);
			defaultConfigurationIsVisible = 0;
			defaultConfigurationName = Release;
		};
		A6B83E622B2386AD00187E3E /* Build configuration list for PBXNativeTarget "Little Lemon App" */ = {
			isa = XCConfigurationList;
			buildConfigurations = (
				A6B83E632B2386AD00187E3E /* Debug */,
				A6B83E642B2386AD00187E3E /* Release */,
			);
			defaultConfigurationIsVisible = 0;
			defaultConfigurationName = Release;
		};
/* End XCConfigurationList section */

/* Begin XCVersionGroup section */
		A692853C2B251B510055CFE4 /* Little Lemon App.xcdatamodeld */ = {
			isa = XCVersionGroup;
			children = (
				A692853D2B251B510055CFE4 /* Little Lemon App.xcdatamodel */,
			);
			currentVersion = A692853D2B251B510055CFE4 /* Little Lemon App.xcdatamodel */;
			path = "Little Lemon App.xcdatamodeld";
			sourceTree = "<group>";
			versionGroupType = wrapper.xcdatamodel;
		};
/* End XCVersionGroup section */
	};
	rootObject = A6B83E4C2B2386AB00187E3E /* Project object */;
}
